
Microsoft Visual Studio Solution File, Format Version 12.00
# Visual Studio Version 16
VisualStudioVersion = 16.0.31005.135
MinimumVisualStudioVersion = 10.0.40219.1
Project("{FAE04EC0-301F-11D3-BF4B-00C04F79EFBC}") = "MailSender", "MailSender\MailSender.csproj", "{5AE7E9BB-76B5-42D8-8D18-B4AEECD7A612}"
EndProject
Project("{2150E333-8FDC-42A3-9474-1A3956D46DE8}") = "Test", "Test", "{2F928F0C-0043-43FC-ACC7-0975F9688EC8}"
EndProject
Project("{FAE04EC0-301F-11D3-BF4B-00C04F79EFBC}") = "TestConsole", "TestConsole\TestConsole\TestConsole.csproj", "{ED69165D-56E9-4563-9D90-FD82BB27FEF6}"
EndProject
Project("{FAE04EC0-301F-11D3-BF4B-00C04F79EFBC}") = "TestWPF", "TestWPF\TestWPF\TestWPF.csproj", "{8061DA44-69C2-4088-A3A2-4A418E457EF7}"
EndProject
Global
	GlobalSection(SolutionConfigurationPlatforms) = preSolution
		Debug|Any CPU = Debug|Any CPU
		Release|Any CPU = Release|Any CPU
	EndGlobalSection
	GlobalSection(ProjectConfigurationPlatforms) = postSolution
		{5AE7E9BB-76B5-42D8-8D18-B4AEECD7A612}.Debug|Any CPU.ActiveCfg = Debug|Any CPU
		{5AE7E9BB-76B5-42D8-8D18-B4AEECD7A612}.Debug|Any CPU.Build.0 = Debug|Any CPU
		{5AE7E9BB-76B5-42D8-8D18-B4AEECD7A612}.Release|Any CPU.ActiveCfg = Release|Any CPU
		{5AE7E9BB-76B5-42D8-8D18-B4AEECD7A612}.Release|Any CPU.Build.0 = Release|Any CPU
		{ED69165D-56E9-4563-9D90-FD82BB27FEF6}.Debug|Any CPU.ActiveCfg = Debug|Any CPU
		{ED69165D-56E9-4563-9D90-FD82BB27FEF6}.Debug|Any CPU.Build.0 = Debug|Any CPU
		{ED69165D-56E9-4563-9D90-FD82BB27FEF6}.Release|Any CPU.ActiveCfg = Release|Any CPU
		{ED69165D-56E9-4563-9D90-FD82BB27FEF6}.Release|Any CPU.Build.0 = Release|Any CPU
		{8061DA44-69C2-4088-A3A2-4A418E457EF7}.Debug|Any CPU.ActiveCfg = Debug|Any CPU
		{8061DA44-69C2-4088-A3A2-4A418E457EF7}.Debug|Any CPU.Build.0 = Debug|Any CPU
		{8061DA44-69C2-4088-A3A2-4A418E457EF7}.Release|Any CPU.ActiveCfg = Release|Any CPU
		{8061DA44-69C2-4088-A3A2-4A418E457EF7}.Release|Any CPU.Build.0 = Release|Any CPU
	EndGlobalSection
	GlobalSection(SolutionProperties) = preSolution
		HideSolutionNode = FALSE
	EndGlobalSection
	GlobalSection(NestedProjects) = preSolution
		{ED69165D-56E9-4563-9D90-FD82BB27FEF6} = {2F928F0C-0043-43FC-ACC7-0975F9688EC8}
		{8061DA44-69C2-4088-A3A2-4A418E457EF7} = {2F928F0C-0043-43FC-ACC7-0975F9688EC8}
	EndGlobalSection
	GlobalSection(ExtensibilityGlobals) = postSolution
		SolutionGuid = {D6FC9B5E-4584-4531-B11F-D164C61062B2}
	EndGlobalSection
EndGlobal
